// !$*UTF8*$!
{
	archiveVersion = 1;
	classes = {
	};
	objectVersion = 56;
	objects = {

/* Begin PBXBuildFile section */
		6439B92E2A798E0400CDCC74 /* AppDelegate.swift in Sources */ = {isa = PBXBuildFile; fileRef = 6439B92D2A798E0400CDCC74 /* AppDelegate.swift */; };
		6439B9302A798E0400CDCC74 /* SceneDelegate.swift in Sources */ = {isa = PBXBuildFile; fileRef = 6439B92F2A798E0400CDCC74 /* SceneDelegate.swift */; };
		6439B9322A798E0400CDCC74 /* ViewController.swift in Sources */ = {isa = PBXBuildFile; fileRef = 6439B9312A798E0400CDCC74 /* ViewController.swift */; };
		6439B9352A798E0400CDCC74 /* Main.storyboard in Resources */ = {isa = PBXBuildFile; fileRef = 6439B9332A798E0400CDCC74 /* Main.storyboard */; };
		6439B9372A798E0500CDCC74 /* Assets.xcassets in Resources */ = {isa = PBXBuildFile; fileRef = 6439B9362A798E0500CDCC74 /* Assets.xcassets */; };
		6439B93A2A798E0500CDCC74 /* LaunchScreen.storyboard in Resources */ = {isa = PBXBuildFile; fileRef = 6439B9382A798E0500CDCC74 /* LaunchScreen.storyboard */; };
		6439B94C2A798F5E00CDCC74 /* nssl0051.jpeg in Resources */ = {isa = PBXBuildFile; fileRef = 6439B9422A798F5E00CDCC74 /* nssl0051.jpeg */; };
		6439B94D2A798F5E00CDCC74 /* nssl0046.jpeg in Resources */ = {isa = PBXBuildFile; fileRef = 6439B9432A798F5E00CDCC74 /* nssl0046.jpeg */; };
		6439B94E2A798F5E00CDCC74 /* nssl0041.jpeg in Resources */ = {isa = PBXBuildFile; fileRef = 6439B9442A798F5E00CDCC74 /* nssl0041.jpeg */; };
		6439B94F2A798F5E00CDCC74 /* nssl0034.jpeg in Resources */ = {isa = PBXBuildFile; fileRef = 6439B9452A798F5E00CDCC74 /* nssl0034.jpeg */; };
		6439B9502A798F5E00CDCC74 /* nssl0043.jpeg in Resources */ = {isa = PBXBuildFile; fileRef = 6439B9462A798F5E00CDCC74 /* nssl0043.jpeg */; };
		6439B9512A798F5E00CDCC74 /* nssl0042.jpeg in Resources */ = {isa = PBXBuildFile; fileRef = 6439B9472A798F5E00CDCC74 /* nssl0042.jpeg */; };
		6439B9522A798F5E00CDCC74 /* nssl0045.jpeg in Resources */ = {isa = PBXBuildFile; fileRef = 6439B9482A798F5E00CDCC74 /* nssl0045.jpeg */; };
		6439B9532A798F5E00CDCC74 /* nssl0049.jpeg in Resources */ = {isa = PBXBuildFile; fileRef = 6439B9492A798F5E00CDCC74 /* nssl0049.jpeg */; };
		6439B9542A798F5E00CDCC74 /* nssl0033.jpeg in Resources */ = {isa = PBXBuildFile; fileRef = 6439B94A2A798F5E00CDCC74 /* nssl0033.jpeg */; };
		6439B9552A798F5E00CDCC74 /* nssl0091.jpeg in Resources */ = {isa = PBXBuildFile; fileRef = 6439B94B2A798F5E00CDCC74 /* nssl0091.jpeg */; };
		6439B9572A79937700CDCC74 /* DetailViewController.swift in Sources */ = {isa = PBXBuildFile; fileRef = 6439B9562A79937700CDCC74 /* DetailViewController.swift */; };
/* End PBXBuildFile section */

/* Begin PBXFileReference section */
		6439B92A2A798E0400CDCC74 /* StormViewer.app */ = {isa = PBXFileReference; explicitFileType = wrapper.application; includeInIndex = 0; path = StormViewer.app; sourceTree = BUILT_PRODUCTS_DIR; };
		6439B92D2A798E0400CDCC74 /* AppDelegate.swift */ = {isa = PBXFileReference; lastKnownFileType = sourcecode.swift; path = AppDelegate.swift; sourceTree = "<group>"; };
		6439B92F2A798E0400CDCC74 /* SceneDelegate.swift */ = {isa = PBXFileReference; lastKnownFileType = sourcecode.swift; path = SceneDelegate.swift; sourceTree = "<group>"; };
		6439B9312A798E0400CDCC74 /* ViewController.swift */ = {isa = PBXFileReference; lastKnownFileType = sourcecode.swift; path = ViewController.swift; sourceTree = "<group>"; };
		6439B9342A798E0400CDCC74 /* Base */ = {isa = PBXFileReference; lastKnownFileType = file.storyboard; name = Base; path = Base.lproj/Main.storyboard; sourceTree = "<group>"; };
		6439B9362A798E0500CDCC74 /* Assets.xcassets */ = {isa = PBXFileReference; lastKnownFileType = folder.assetcatalog; path = Assets.xcassets; sourceTree = "<group>"; };
		6439B9392A798E0500CDCC74 /* Base */ = {isa = PBXFileReference; lastKnownFileType = file.storyboard; name = Base; path = Base.lproj/LaunchScreen.storyboard; sourceTree = "<group>"; };
		6439B93B2A798E0500CDCC74 /* Info.plist */ = {isa = PBXFileReference; lastKnownFileType = text.plist.xml; path = Info.plist; sourceTree = "<group>"; };
		6439B9422A798F5E00CDCC74 /* nssl0051.jpeg */ = {isa = PBXFileReference; lastKnownFileType = image.jpeg; path = nssl0051.jpeg; sourceTree = "<group>"; };
		6439B9432A798F5E00CDCC74 /* nssl0046.jpeg */ = {isa = PBXFileReference; lastKnownFileType = image.jpeg; path = nssl0046.jpeg; sourceTree = "<group>"; };
		6439B9442A798F5E00CDCC74 /* nssl0041.jpeg */ = {isa = PBXFileReference; lastKnownFileType = image.jpeg; path = nssl0041.jpeg; sourceTree = "<group>"; };
		6439B9452A798F5E00CDCC74 /* nssl0034.jpeg */ = {isa = PBXFileReference; lastKnownFileType = image.jpeg; path = nssl0034.jpeg; sourceTree = "<group>"; };
		6439B9462A798F5E00CDCC74 /* nssl0043.jpeg */ = {isa = PBXFileReference; lastKnownFileType = image.jpeg; path = nssl0043.jpeg; sourceTree = "<group>"; };
		6439B9472A798F5E00CDCC74 /* nssl0042.jpeg */ = {isa = PBXFileReference; lastKnownFileType = image.jpeg; path = nssl0042.jpeg; sourceTree = "<group>"; };
		6439B9482A798F5E00CDCC74 /* nssl0045.jpeg */ = {isa = PBXFileReference; lastKnownFileType = image.jpeg; path = nssl0045.jpeg; sourceTree = "<group>"; };
		6439B9492A798F5E00CDCC74 /* nssl0049.jpeg */ = {isa = PBXFileReference; lastKnownFileType = image.jpeg; path = nssl0049.jpeg; sourceTree = "<group>"; };
		6439B94A2A798F5E00CDCC74 /* nssl0033.jpeg */ = {isa = PBXFileReference; lastKnownFileType = image.jpeg; path = nssl0033.jpeg; sourceTree = "<group>"; };
		6439B94B2A798F5E00CDCC74 /* nssl0091.jpeg */ = {isa = PBXFileReference; lastKnownFileType = image.jpeg; path = nssl0091.jpeg; sourceTree = "<group>"; };
		6439B9562A79937700CDCC74 /* DetailViewController.swift */ = {isa = PBXFileReference; lastKnownFileType = sourcecode.swift; path = DetailViewController.swift; sourceTree = "<group>"; };
/* End PBXFileReference section */

/* Begin PBXFrameworksBuildPhase section */
		6439B9272A798E0400CDCC74 /* Frameworks */ = {
			isa = PBXFrameworksBuildPhase;
			buildActionMask = 2147483647;
			files = (
			);
			runOnlyForDeploymentPostprocessing = 0;
		};
/* End PBXFrameworksBuildPhase section */

/* Begin PBXGroup section */
		6439B9212A798E0400CDCC74 = {
			isa = PBXGroup;
			children = (
				6439B92C2A798E0400CDCC74 /* StormViewer */,
				6439B92B2A798E0400CDCC74 /* Products */,
			);
			sourceTree = "<group>";
		};
		6439B92B2A798E0400CDCC74 /* Products */ = {
			isa = PBXGroup;
			children = (
				6439B92A2A798E0400CDCC74 /* StormViewer.app */,
			);
			name = Products;
			sourceTree = "<group>";
		};
		6439B92C2A798E0400CDCC74 /* StormViewer */ = {
			isa = PBXGroup;
			children = (
				6439B92D2A798E0400CDCC74 /* AppDelegate.swift */,
				6439B92F2A798E0400CDCC74 /* SceneDelegate.swift */,
				6439B9312A798E0400CDCC74 /* ViewController.swift */,
				6439B9332A798E0400CDCC74 /* Main.storyboard */,
				6439B9362A798E0500CDCC74 /* Assets.xcassets */,
				6439B9382A798E0500CDCC74 /* LaunchScreen.storyboard */,
				6439B9412A798F5E00CDCC74 /* Content */,
				6439B93B2A798E0500CDCC74 /* Info.plist */,
				6439B9562A79937700CDCC74 /* DetailViewController.swift */,
			);
			path = StormViewer;
			sourceTree = "<group>";
		};
		6439B9412A798F5E00CDCC74 /* Content */ = {
			isa = PBXGroup;
			children = (
				6439B9422A798F5E00CDCC74 /* nssl0051.jpeg */,
				6439B9432A798F5E00CDCC74 /* nssl0046.jpeg */,
				6439B9442A798F5E00CDCC74 /* nssl0041.jpeg */,
				6439B9452A798F5E00CDCC74 /* nssl0034.jpeg */,
				6439B9462A798F5E00CDCC74 /* nssl0043.jpeg */,
				6439B9472A798F5E00CDCC74 /* nssl0042.jpeg */,
				6439B9482A798F5E00CDCC74 /* nssl0045.jpeg */,
				6439B9492A798F5E00CDCC74 /* nssl0049.jpeg */,
				6439B94A2A798F5E00CDCC74 /* nssl0033.jpeg */,
				6439B94B2A798F5E00CDCC74 /* nssl0091.jpeg */,
			);
			name = Content;
			path = ../../../../../Content;
			sourceTree = "<group>";
		};
/* End PBXGroup section */

/* Begin PBXNativeTarget section */
		6439B9292A798E0400CDCC74 /* StormViewer */ = {
			isa = PBXNativeTarget;
			buildConfigurationList = 6439B93E2A798E0500CDCC74 /* Build configuration list for PBXNativeTarget "StormViewer" */;
			buildPhases = (
				6439B9262A798E0400CDCC74 /* Sources */,
				6439B9272A798E0400CDCC74 /* Frameworks */,
				6439B9282A798E0400CDCC74 /* Resources */,
			);
			buildRules = (
			);
			dependencies = (
			);
			name = StormViewer;
			productName = StormViewer;
			productReference = 6439B92A2A798E0400CDCC74 /* StormViewer.app */;
			productType = "com.apple.product-type.application";
		};
/* End PBXNativeTarget section */

/* Begin PBXProject section */
		6439B9222A798E0400CDCC74 /* Project object */ = {
			isa = PBXProject;
			attributes = {
				BuildIndependentTargetsInParallel = 1;
				LastSwiftUpdateCheck = 1420;
				LastUpgradeCheck = 1420;
				TargetAttributes = {
					6439B9292A798E0400CDCC74 = {
						CreatedOnToolsVersion = 14.2;
					};
				};
			};
			buildConfigurationList = 6439B9252A798E0400CDCC74 /* Build configuration list for PBXProject "StormViewer" */;
			compatibilityVersion = "Xcode 14.0";
			developmentRegion = en;
			hasScannedForEncodings = 0;
			knownRegions = (
				en,
				Base,
			);
			mainGroup = 6439B9212A798E0400CDCC74;
			productRefGroup = 6439B92B2A798E0400CDCC74 /* Products */;
			projectDirPath = "";
			projectRoot = "";
			targets = (
				6439B9292A798E0400CDCC74 /* StormViewer */,
			);
		};
/* End PBXProject section */

/* Begin PBXResourcesBuildPhase section */
		6439B9282A798E0400CDCC74 /* Resources */ = {
			isa = PBXResourcesBuildPhase;
			buildActionMask = 2147483647;
			files = (
				6439B9502A798F5E00CDCC74 /* nssl0043.jpeg in Resources */,
				6439B93A2A798E0500CDCC74 /* LaunchScreen.storyboard in Resources */,
				6439B94D2A798F5E00CDCC74 /* nssl0046.jpeg in Resources */,
				6439B94F2A798F5E00CDCC74 /* nssl0034.jpeg in Resources */,
				6439B94E2A798F5E00CDCC74 /* nssl0041.jpeg in Resources */,
				6439B9372A798E0500CDCC74 /* Assets.xcassets in Resources */,
				6439B9522A798F5E00CDCC74 /* nssl0045.jpeg in Resources */,
				6439B9352A798E0400CDCC74 /* Main.storyboard in Resources */,
				6439B94C2A798F5E00CDCC74 /* nssl0051.jpeg in Resources */,
				6439B9552A798F5E00CDCC74 /* nssl0091.jpeg in Resources */,
				6439B9532A798F5E00CDCC74 /* nssl0049.jpeg in Resources */,
				6439B9512A798F5E00CDCC74 /* nssl0042.jpeg in Resources */,
				6439B9542A798F5E00CDCC74 /* nssl0033.jpeg in Resources */,
			);
			runOnlyForDeploymentPostprocessing = 0;
		};
/* End PBXResourcesBuildPhase section */

/* Begin PBXSourcesBuildPhase section */
		6439B9262A798E0400CDCC74 /* Sources */ = {
			isa = PBXSourcesBuildPhase;
			buildActionMask = 2147483647;
			files = (
				6439B9322A798E0400CDCC74 /* ViewController.swift in Sources */,
				6439B92E2A798E0400CDCC74 /* AppDelegate.swift in Sources */,
				6439B9302A798E0400CDCC74 /* SceneDelegate.swift in Sources */,
				6439B9572A79937700CDCC74 /* DetailViewController.swift in Sources */,
			);
			runOnlyForDeploymentPostprocessing = 0;
		};
/* End PBXSourcesBuildPhase section */

/* Begin PBXVariantGroup section */
		6439B9332A798E0400CDCC74 /* Main.storyboard */ = {
			isa = PBXVariantGroup;
			children = (
				6439B9342A798E0400CDCC74 /* Base */,
			);
			name = Main.storyboard;
			sourceTree = "<group>";
		};
		6439B9382A798E0500CDCC74 /* LaunchScreen.storyboard */ = {
			isa = PBXVariantGroup;
			children = (
				6439B9392A798E0500CDCC74 /* Base */,
			);
			name = LaunchScreen.storyboard;
			sourceTree = "<group>";
		};
/* End PBXVariantGroup section */

/* Begin XCBuildConfiguration section */
		6439B93C2A798E0500CDCC74 /* Debug */ = {
			isa = XCBuildConfiguration;
			buildSettings = {
				ALWAYS_SEARCH_USER_PATHS = NO;
				CLANG_ANALYZER_NONNULL = YES;
				CLANG_ANALYZER_NUMBER_OBJECT_CONVERSION = YES_AGGRESSIVE;
				CLANG_CXX_LANGUAGE_STANDARD = "gnu++20";
				CLANG_ENABLE_MODULES = YES;
				CLANG_ENABLE_OBJC_ARC = YES;
				CLANG_ENABLE_OBJC_WEAK = YES;
				CLANG_WARN_BLOCK_CAPTURE_AUTORELEASING = YES;
				CLANG_WARN_BOOL_CONVERSION = YES;
				CLANG_WARN_COMMA = YES;
				CLANG_WARN_CONSTANT_CONVERSION = YES;
				CLANG_WARN_DEPRECATED_OBJC_IMPLEMENTATIONS = YES;
				CLANG_WARN_DIRECT_OBJC_ISA_USAGE = YES_ERROR;
				CLANG_WARN_DOCUMENTATION_COMMENTS = YES;
				CLANG_WARN_EMPTY_BODY = YES;
				CLANG_WARN_ENUM_CONVERSION = YES;
				CLANG_WARN_INFINITE_RECURSION = YES;
				CLANG_WARN_INT_CONVERSION = YES;
				CLANG_WARN_NON_LITERAL_NULL_CONVERSION = YES;
				CLANG_WARN_OBJC_IMPLICIT_RETAIN_SELF = YES;
				CLANG_WARN_OBJC_LITERAL_CONVERSION = YES;
				CLANG_WARN_OBJC_ROOT_CLASS = YES_ERROR;
				CLANG_WARN_QUOTED_INCLUDE_IN_FRAMEWORK_HEADER = YES;
				CLANG_WARN_RANGE_LOOP_ANALYSIS = YES;
				CLANG_WARN_STRICT_PROTOTYPES = YES;
				CLANG_WARN_SUSPICIOUS_MOVE = YES;
				CLANG_WARN_UNGUARDED_AVAILABILITY = YES_AGGRESSIVE;
				CLANG_WARN_UNREACHABLE_CODE = YES;
				CLANG_WARN__DUPLICATE_METHOD_MATCH = YES;
				COPY_PHASE_STRIP = NO;
				DEBUG_INFORMATION_FORMAT = dwarf;
				ENABLE_STRICT_OBJC_MSGSEND = YES;
				ENABLE_TESTABILITY = YES;
				GCC_C_LANGUAGE_STANDARD = gnu11;
				GCC_DYNAMIC_NO_PIC = NO;
				GCC_NO_COMMON_BLOCKS = YES;
				GCC_OPTIMIZATION_LEVEL = 0;
				GCC_PREPROCESSOR_DEFINITIONS = (
					"DEBUG=1",
					"$(inherited)",
				);
				GCC_WARN_64_TO_32_BIT_CONVERSION = YES;
				GCC_WARN_ABOUT_RETURN_TYPE = YES_ERROR;
				GCC_WARN_UNDECLARED_SELECTOR = YES;
				GCC_WARN_UNINITIALIZED_AUTOS = YES_AGGRESSIVE;
				GCC_WARN_UNUSED_FUNCTION = YES;
				GCC_WARN_UNUSED_VARIABLE = YES;
				IPHONEOS_DEPLOYMENT_TARGET = 16.2;
				MTL_ENABLE_DEBUG_INFO = INCLUDE_SOURCE;
				MTL_FAST_MATH = YES;
				ONLY_ACTIVE_ARCH = YES;
				SDKROOT = iphoneos;
				SWIFT_ACTIVE_COMPILATION_CONDITIONS = DEBUG;
				SWIFT_OPTIMIZATION_LEVEL = "-Onone";
			};
			name = Debug;
		};
		6439B93D2A798E0500CDCC74 /* Release */ = {
			isa = XCBuildConfiguration;
			buildSettings = {
				ALWAYS_SEARCH_USER_PATHS = NO;
				CLANG_ANALYZER_NONNULL = YES;
				CLANG_ANALYZER_NUMBER_OBJECT_CONVERSION = YES_AGGRESSIVE;
				CLANG_CXX_LANGUAGE_STANDARD = "gnu++20";
				CLANG_ENABLE_MODULES = YES;
				CLANG_ENABLE_OBJC_ARC = YES;
				CLANG_ENABLE_OBJC_WEAK = YES;
				CLANG_WARN_BLOCK_CAPTURE_AUTORELEASING = YES;
				CLANG_WARN_BOOL_CONVERSION = YES;
				CLANG_WARN_COMMA = YES;
				CLANG_WARN_CONSTANT_CONVERSION = YES;
				CLANG_WARN_DEPRECATED_OBJC_IMPLEMENTATIONS = YES;
				CLANG_WARN_DIRECT_OBJC_ISA_USAGE = YES_ERROR;
				CLANG_WARN_DOCUMENTATION_COMMENTS = YES;
				CLANG_WARN_EMPTY_BODY = YES;
				CLANG_WARN_ENUM_CONVERSION = YES;
				CLANG_WARN_INFINITE_RECURSION = YES;
				CLANG_WARN_INT_CONVERSION = YES;
				CLANG_WARN_NON_LITERAL_NULL_CONVERSION = YES;
				CLANG_WARN_OBJC_IMPLICIT_RETAIN_SELF = YES;
				CLANG_WARN_OBJC_LITERAL_CONVERSION = YES;
				CLANG_WARN_OBJC_ROOT_CLASS = YES_ERROR;
				CLANG_WARN_QUOTED_INCLUDE_IN_FRAMEWORK_HEADER = YES;
				CLANG_WARN_RANGE_LOOP_ANALYSIS = YES;
				CLANG_WARN_STRICT_PROTOTYPES = YES;
				CLANG_WARN_SUSPICIOUS_MOVE = YES;
				CLANG_WARN_UNGUARDED_AVAILABILITY = YES_AGGRESSIVE;
				CLANG_WARN_UNREACHABLE_CODE = YES;
				CLANG_WARN__DUPLICATE_METHOD_MATCH = YES;
				COPY_PHASE_STRIP = NO;
				DEBUG_INFORMATION_FORMAT = "dwarf-with-dsym";
				ENABLE_NS_ASSERTIONS = NO;
				ENABLE_STRICT_OBJC_MSGSEND = YES;
				GCC_C_LANGUAGE_STANDARD = gnu11;
				GCC_NO_COMMON_BLOCKS = YES;
				GCC_WARN_64_TO_32_BIT_CONVERSION = YES;
				GCC_WARN_ABOUT_RETURN_TYPE = YES_ERROR;
				GCC_WARN_UNDECLARED_SELECTOR = YES;
				GCC_WARN_UNINITIALIZED_AUTOS = YES_AGGRESSIVE;
				GCC_WARN_UNUSED_FUNCTION = YES;
				GCC_WARN_UNUSED_VARIABLE = YES;
				IPHONEOS_DEPLOYMENT_TARGET = 16.2;
				MTL_ENABLE_DEBUG_INFO = NO;
				MTL_FAST_MATH = YES;
				SDKROOT = iphoneos;
				SWIFT_COMPILATION_MODE = wholemodule;
				SWIFT_OPTIMIZATION_LEVEL = "-O";
				VALIDATE_PRODUCT = YES;
			};
			name = Release;
		};
		6439B93F2A798E0500CDCC74 /* Debug */ = {
			isa = XCBuildConfiguration;
			buildSettings = {
				ASSETCATALOG_COMPILER_APPICON_NAME = AppIcon;
				ASSETCATALOG_COMPILER_GLOBAL_ACCENT_COLOR_NAME = AccentColor;
				CODE_SIGN_STYLE = Automatic;
				CURRENT_PROJECT_VERSION = 1;
				GENERATE_INFOPLIST_FILE = YES;
				INFOPLIST_FILE = StormViewer/Info.plist;
				INFOPLIST_KEY_UIApplicationSupportsIndirectInputEvents = YES;
				INFOPLIST_KEY_UILaunchStoryboardName = LaunchScreen;
				INFOPLIST_KEY_UIMainStoryboardFile = Main;
				INFOPLIST_KEY_UISupportedInterfaceOrientations_iPad = "UIInterfaceOrientationPortrait UIInterfaceOrientationPortraitUpsideDown UIInterfaceOrientationLandscapeLeft UIInterfaceOrientationLandscapeRight";
				INFOPLIST_KEY_UISupportedInterfaceOrientations_iPhone = "UIInterfaceOrientationPortrait UIInterfaceOrientationLandscapeLeft UIInterfaceOrientationLandscapeRight";
				LD_RUNPATH_SEARCH_PATHS = (
					"$(inherited)",
					"@executable_path/Frameworks",
				);
				MARKETING_VERSION = 1.0;
				PRODUCT_BUNDLE_IDENTIFIER = co.bahittin.StormViewer;
				PRODUCT_NAME = "$(TARGET_NAME)";
				SWIFT_EMIT_LOC_STRINGS = YES;
				SWIFT_VERSION = 5.0;
				TARGETED_DEVICE_FAMILY = "1,2";
			};
			name = Debug;
		};
		6439B9402A798E0500CDCC74 /* Release */ = {
			isa = XCBuildConfiguration;
			buildSettings = {
				ASSETCATALOG_COMPILER_APPICON_NAME = AppIcon;
				ASSETCATALOG_COMPILER_GLOBAL_ACCENT_COLOR_NAME = AccentColor;
				CODE_SIGN_STYLE = Automatic;
				CURRENT_PROJECT_VERSION = 1;
				GENERATE_INFOPLIST_FILE = YES;
				INFOPLIST_FILE = StormViewer/Info.plist;
				INFOPLIST_KEY_UIApplicationSupportsIndirectInputEvents = YES;
				INFOPLIST_KEY_UILaunchStoryboardName = LaunchScreen;
				INFOPLIST_KEY_UIMainStoryboardFile = Main;
				INFOPLIST_KEY_UISupportedInterfaceOrientations_iPad = "UIInterfaceOrientationPortrait UIInterfaceOrientationPortraitUpsideDown UIInterfaceOrientationLandscapeLeft UIInterfaceOrientationLandscapeRight";
				INFOPLIST_KEY_UISupportedInterfaceOrientations_iPhone = "UIInterfaceOrientationPortrait UIInterfaceOrientationLandscapeLeft UIInterfaceOrientationLandscapeRight";
				LD_RUNPATH_SEARCH_PATHS = (
					"$(inherited)",
					"@executable_path/Frameworks",
				);
				MARKETING_VERSION = 1.0;
				PRODUCT_BUNDLE_IDENTIFIER = co.bahittin.StormViewer;
				PRODUCT_NAME = "$(TARGET_NAME)";
				SWIFT_EMIT_LOC_STRINGS = YES;
				SWIFT_VERSION = 5.0;
				TARGETED_DEVICE_FAMILY = "1,2";
			};
			name = Release;
		};
/* End XCBuildConfiguration section */

/* Begin XCConfigurationList section */
		6439B9252A798E0400CDCC74 /* Build configuration list for PBXProject "StormViewer" */ = {
			isa = XCConfigurationList;
			buildConfigurations = (
				6439B93C2A798E0500CDCC74 /* Debug */,
				6439B93D2A798E0500CDCC74 /* Release */,
			);
			defaultConfigurationIsVisible = 0;
			defaultConfigurationName = Release;
		};
		6439B93E2A798E0500CDCC74 /* Build configuration list for PBXNativeTarget "StormViewer" */ = {
			isa = XCConfigurationList;
			buildConfigurations = (
				6439B93F2A798E0500CDCC74 /* Debug */,
				6439B9402A798E0500CDCC74 /* Release */,
			);
			defaultConfigurationIsVisible = 0;
			defaultConfigurationName = Release;
		};
/* End XCConfigurationList section */
	};
	rootObject = 6439B9222A798E0400CDCC74 /* Project object */;
}
